// !$*UTF8*$!
{
	archiveVersion = 1;
	classes = {
	};
	objectVersion = 50;
	objects = {

/* Begin PBXBuildFile section */
		46A5CC1424A5C52300660CCD /* AppDelegate.swift in Sources */ = {isa = PBXBuildFile; fileRef = 46A5CC1324A5C52300660CCD /* AppDelegate.swift */; };
		46A5CC1624A5C52300660CCD /* SceneDelegate.swift in Sources */ = {isa = PBXBuildFile; fileRef = 46A5CC1524A5C52300660CCD /* SceneDelegate.swift */; };
		46A5CC1824A5C52300660CCD /* ViewController.swift in Sources */ = {isa = PBXBuildFile; fileRef = 46A5CC1724A5C52300660CCD /* ViewController.swift */; };
		46A5CC1B24A5C52300660CCD /* Main.storyboard in Resources */ = {isa = PBXBuildFile; fileRef = 46A5CC1924A5C52300660CCD /* Main.storyboard */; };
		46A5CC1E24A5C52300660CCD /* TodoAppCollectionView.xcdatamodeld in Sources */ = {isa = PBXBuildFile; fileRef = 46A5CC1C24A5C52300660CCD /* TodoAppCollectionView.xcdatamodeld */; };
		46A5CC2024A5C52400660CCD /* Assets.xcassets in Resources */ = {isa = PBXBuildFile; fileRef = 46A5CC1F24A5C52400660CCD /* Assets.xcassets */; };
		46A5CC2324A5C52400660CCD /* LaunchScreen.storyboard in Resources */ = {isa = PBXBuildFile; fileRef = 46A5CC2124A5C52400660CCD /* LaunchScreen.storyboard */; };
/* End PBXBuildFile section */

/* Begin PBXFileReference section */
		46A5CC1024A5C52200660CCD /* TodoAppCollectionView.app */ = {isa = PBXFileReference; explicitFileType = wrapper.application; includeInIndex = 0; path = TodoAppCollectionView.app; sourceTree = BUILT_PRODUCTS_DIR; };
		46A5CC1324A5C52300660CCD /* AppDelegate.swift */ = {isa = PBXFileReference; lastKnownFileType = sourcecode.swift; path = AppDelegate.swift; sourceTree = "<group>"; };
		46A5CC1524A5C52300660CCD /* SceneDelegate.swift */ = {isa = PBXFileReference; lastKnownFileType = sourcecode.swift; path = SceneDelegate.swift; sourceTree = "<group>"; };
		46A5CC1724A5C52300660CCD /* ViewController.swift */ = {isa = PBXFileReference; lastKnownFileType = sourcecode.swift; path = ViewController.swift; sourceTree = "<group>"; };
		46A5CC1A24A5C52300660CCD /* Base */ = {isa = PBXFileReference; lastKnownFileType = file.storyboard; name = Base; path = Base.lproj/Main.storyboard; sourceTree = "<group>"; };
		46A5CC1D24A5C52300660CCD /* TodoAppCollectionView.xcdatamodel */ = {isa = PBXFileReference; lastKnownFileType = wrapper.xcdatamodel; path = TodoAppCollectionView.xcdatamodel; sourceTree = "<group>"; };
		46A5CC1F24A5C52400660CCD /* Assets.xcassets */ = {isa = PBXFileReference; lastKnownFileType = folder.assetcatalog; path = Assets.xcassets; sourceTree = "<group>"; };
		46A5CC2224A5C52400660CCD /* Base */ = {isa = PBXFileReference; lastKnownFileType = file.storyboard; name = Base; path = Base.lproj/LaunchScreen.storyboard; sourceTree = "<group>"; };
		46A5CC2424A5C52400660CCD /* Info.plist */ = {isa = PBXFileReference; lastKnownFileType = text.plist.xml; path = Info.plist; sourceTree = "<group>"; };
/* End PBXFileReference section */

/* Begin PBXFrameworksBuildPhase section */
		46A5CC0D24A5C52200660CCD /* Frameworks */ = {
			isa = PBXFrameworksBuildPhase;
			buildActionMask = 2147483647;
			files = (
			);
			runOnlyForDeploymentPostprocessing = 0;
		};
/* End PBXFrameworksBuildPhase section */

/* Begin PBXGroup section */
		46A5CC0724A5C52200660CCD = {
			isa = PBXGroup;
			children = (
				46A5CC1224A5C52200660CCD /* TodoAppCollectionView */,
				46A5CC1124A5C52200660CCD /* Products */,
			);
			sourceTree = "<group>";
		};
		46A5CC1124A5C52200660CCD /* Products */ = {
			isa = PBXGroup;
			children = (
				46A5CC1024A5C52200660CCD /* TodoAppCollectionView.app */,
			);
			name = Products;
			sourceTree = "<group>";
		};
		46A5CC1224A5C52200660CCD /* TodoAppCollectionView */ = {
			isa = PBXGroup;
			children = (
				46A5CC1324A5C52300660CCD /* AppDelegate.swift */,
				46A5CC1524A5C52300660CCD /* SceneDelegate.swift */,
				46A5CC1724A5C52300660CCD /* ViewController.swift */,
				46A5CC1924A5C52300660CCD /* Main.storyboard */,
				46A5CC1F24A5C52400660CCD /* Assets.xcassets */,
				46A5CC2124A5C52400660CCD /* LaunchScreen.storyboard */,
				46A5CC2424A5C52400660CCD /* Info.plist */,
				46A5CC1C24A5C52300660CCD /* TodoAppCollectionView.xcdatamodeld */,
			);
			path = TodoAppCollectionView;
			sourceTree = "<group>";
		};
/* End PBXGroup section */

/* Begin PBXNativeTarget section */
		46A5CC0F24A5C52200660CCD /* TodoAppCollectionView */ = {
			isa = PBXNativeTarget;
			buildConfigurationList = 46A5CC2724A5C52400660CCD /* Build configuration list for PBXNativeTarget "TodoAppCollectionView" */;
			buildPhases = (
				46A5CC0C24A5C52200660CCD /* Sources */,
				46A5CC0D24A5C52200660CCD /* Frameworks */,
				46A5CC0E24A5C52200660CCD /* Resources */,
			);
			buildRules = (
			);
			dependencies = (
			);
			name = TodoAppCollectionView;
			productName = TodoAppCollectionView;
			productReference = 46A5CC1024A5C52200660CCD /* TodoAppCollectionView.app */;
			productType = "com.apple.product-type.application";
		};
/* End PBXNativeTarget section */

/* Begin PBXProject section */
		46A5CC0824A5C52200660CCD /* Project object */ = {
			isa = PBXProject;
			attributes = {
				LastSwiftUpdateCheck = 1200;
				LastUpgradeCheck = 1200;
				TargetAttributes = {
					46A5CC0F24A5C52200660CCD = {
						CreatedOnToolsVersion = 12.0;
					};
				};
			};
			buildConfigurationList = 46A5CC0B24A5C52200660CCD /* Build configuration list for PBXProject "TodoAppCollectionView" */;
			compatibilityVersion = "Xcode 9.3";
			developmentRegion = en;
			hasScannedForEncodings = 0;
			knownRegions = (
				en,
				Base,
			);
			mainGroup = 46A5CC0724A5C52200660CCD;
			productRefGroup = 46A5CC1124A5C52200660CCD /* Products */;
			projectDirPath = "";
			projectRoot = "";
			targets = (
				46A5CC0F24A5C52200660CCD /* TodoAppCollectionView */,
			);
		};
/* End PBXProject section */

/* Begin PBXResourcesBuildPhase section */
		46A5CC0E24A5C52200660CCD /* Resources */ = {
			isa = PBXResourcesBuildPhase;
			buildActionMask = 2147483647;
			files = (
				46A5CC2324A5C52400660CCD /* LaunchScreen.storyboard in Resources */,
				46A5CC2024A5C52400660CCD /* Assets.xcassets in Resources */,
				46A5CC1B24A5C52300660CCD /* Main.storyboard in Resources */,
			);
			runOnlyForDeploymentPostprocessing = 0;
		};
/* End PBXResourcesBuildPhase section */

/* Begin PBXSourcesBuildPhase section */
		46A5CC0C24A5C52200660CCD /* Sources */ = {
			isa = PBXSourcesBuildPhase;
			buildActionMask = 2147483647;
			files = (
				46A5CC1E24A5C52300660CCD /* TodoAppCollectionView.xcdatamodeld in Sources */,
				46A5CC1824A5C52300660CCD /* ViewController.swift in Sources */,
				46A5CC1424A5C52300660CCD /* AppDelegate.swift in Sources */,
				46A5CC1624A5C52300660CCD /* SceneDelegate.swift in Sources */,
			);
			runOnlyForDeploymentPostprocessing = 0;
		};
/* End PBXSourcesBuildPhase section */

/* Begin PBXVariantGroup section */
		46A5CC1924A5C52300660CCD /* Main.storyboard */ = {
			isa = PBXVariantGroup;
			children = (
				46A5CC1A24A5C52300660CCD /* Base */,
			);
			name = Main.storyboard;
			sourceTree = "<group>";
		};
		46A5CC2124A5C52400660CCD /* LaunchScreen.storyboard */ = {
			isa = PBXVariantGroup;
			children = (
				46A5CC2224A5C52400660CCD /* Base */,
			);
			name = LaunchScreen.storyboard;
			sourceTree = "<group>";
		};
/* End PBXVariantGroup section */

/* Begin XCBuildConfiguration section */
		46A5CC2524A5C52400660CCD /* Debug */ = {
			isa = XCBuildConfiguration;
			buildSettings = {
				ALWAYS_SEARCH_USER_PATHS = NO;
				CLANG_ANALYZER_NONNULL = YES;
				CLANG_ANALYZER_NUMBER_OBJECT_CONVERSION = YES_AGGRESSIVE;
				CLANG_CXX_LANGUAGE_STANDARD = "gnu++14";
				CLANG_CXX_LIBRARY = "libc++";
				CLANG_ENABLE_MODULES = YES;
				CLANG_ENABLE_OBJC_ARC = YES;
				CLANG_ENABLE_OBJC_WEAK = YES;
				CLANG_WARN_BLOCK_CAPTURE_AUTORELEASING = YES;
				CLANG_WARN_BOOL_CONVERSION = YES;
				CLANG_WARN_COMMA = YES;
				CLANG_WARN_CONSTANT_CONVERSION = YES;
				CLANG_WARN_DEPRECATED_OBJC_IMPLEMENTATIONS = YES;
				CLANG_WARN_DIRECT_OBJC_ISA_USAGE = YES_ERROR;
				CLANG_WARN_DOCUMENTATION_COMMENTS = YES;
				CLANG_WARN_EMPTY_BODY = YES;
				CLANG_WARN_ENUM_CONVERSION = YES;
				CLANG_WARN_INFINITE_RECURSION = YES;
				CLANG_WARN_INT_CONVERSION = YES;
				CLANG_WARN_NON_LITERAL_NULL_CONVERSION = YES;
				CLANG_WARN_OBJC_IMPLICIT_RETAIN_SELF = YES;
				CLANG_WARN_OBJC_LITERAL_CONVERSION = YES;
				CLANG_WARN_OBJC_ROOT_CLASS = YES_ERROR;
				CLANG_WARN_QUOTED_INCLUDE_IN_FRAMEWORK_HEADER = YES;
				CLANG_WARN_RANGE_LOOP_ANALYSIS = YES;
				CLANG_WARN_STRICT_PROTOTYPES = YES;
				CLANG_WARN_SUSPICIOUS_MOVE = YES;
				CLANG_WARN_UNGUARDED_AVAILABILITY = YES_AGGRESSIVE;
				CLANG_WARN_UNREACHABLE_CODE = YES;
				CLANG_WARN__DUPLICATE_METHOD_MATCH = YES;
				COPY_PHASE_STRIP = NO;
				DEBUG_INFORMATION_FORMAT = dwarf;
				ENABLE_STRICT_OBJC_MSGSEND = YES;
				ENABLE_TESTABILITY = YES;
				GCC_C_LANGUAGE_STANDARD = gnu11;
				GCC_DYNAMIC_NO_PIC = NO;
				GCC_NO_COMMON_BLOCKS = YES;
				GCC_OPTIMIZATION_LEVEL = 0;
				GCC_PREPROCESSOR_DEFINITIONS = (
					"DEBUG=1",
					"$(inherited)",
				);
				GCC_WARN_64_TO_32_BIT_CONVERSION = YES;
				GCC_WARN_ABOUT_RETURN_TYPE = YES_ERROR;
				GCC_WARN_UNDECLARED_SELECTOR = YES;
				GCC_WARN_UNINITIALIZED_AUTOS = YES_AGGRESSIVE;
				GCC_WARN_UNUSED_FUNCTION = YES;
				GCC_WARN_UNUSED_VARIABLE = YES;
				IPHONEOS_DEPLOYMENT_TARGET = 14.0;
				MTL_ENABLE_DEBUG_INFO = INCLUDE_SOURCE;
				MTL_FAST_MATH = YES;
				ONLY_ACTIVE_ARCH = YES;
				SDKROOT = iphoneos;
				SWIFT_ACTIVE_COMPILATION_CONDITIONS = DEBUG;
				SWIFT_OPTIMIZATION_LEVEL = "-Onone";
			};
			name = Debug;
		};
		46A5CC2624A5C52400660CCD /* Release */ = {
			isa = XCBuildConfiguration;
			buildSettings = {
				ALWAYS_SEARCH_USER_PATHS = NO;
				CLANG_ANALYZER_NONNULL = YES;
				CLANG_ANALYZER_NUMBER_OBJECT_CONVERSION = YES_AGGRESSIVE;
				CLANG_CXX_LANGUAGE_STANDARD = "gnu++14";
				CLANG_CXX_LIBRARY = "libc++";
				CLANG_ENABLE_MODULES = YES;
				CLANG_ENABLE_OBJC_ARC = YES;
				CLANG_ENABLE_OBJC_WEAK = YES;
				CLANG_WARN_BLOCK_CAPTURE_AUTORELEASING = YES;
				CLANG_WARN_BOOL_CONVERSION = YES;
				CLANG_WARN_COMMA = YES;
				CLANG_WARN_CONSTANT_CONVERSION = YES;
				CLANG_WARN_DEPRECATED_OBJC_IMPLEMENTATIONS = YES;
				CLANG_WARN_DIRECT_OBJC_ISA_USAGE = YES_ERROR;
				CLANG_WARN_DOCUMENTATION_COMMENTS = YES;
				CLANG_WARN_EMPTY_BODY = YES;
				CLANG_WARN_ENUM_CONVERSION = YES;
				CLANG_WARN_INFINITE_RECURSION = YES;
				CLANG_WARN_INT_CONVERSION = YES;
				CLANG_WARN_NON_LITERAL_NULL_CONVERSION = YES;
				CLANG_WARN_OBJC_IMPLICIT_RETAIN_SELF = YES;
				CLANG_WARN_OBJC_LITERAL_CONVERSION = YES;
				CLANG_WARN_OBJC_ROOT_CLASS = YES_ERROR;
				CLANG_WARN_QUOTED_INCLUDE_IN_FRAMEWORK_HEADER = YES;
				CLANG_WARN_RANGE_LOOP_ANALYSIS = YES;
				CLANG_WARN_STRICT_PROTOTYPES = YES;
				CLANG_WARN_SUSPICIOUS_MOVE = YES;
				CLANG_WARN_UNGUARDED_AVAILABILITY = YES_AGGRESSIVE;
				CLANG_WARN_UNREACHABLE_CODE = YES;
				CLANG_WARN__DUPLICATE_METHOD_MATCH = YES;
				COPY_PHASE_STRIP = NO;
				DEBUG_INFORMATION_FORMAT = "dwarf-with-dsym";
				ENABLE_NS_ASSERTIONS = NO;
				ENABLE_STRICT_OBJC_MSGSEND = YES;
				GCC_C_LANGUAGE_STANDARD = gnu11;
				GCC_NO_COMMON_BLOCKS = YES;
				GCC_WARN_64_TO_32_BIT_CONVERSION = YES;
				GCC_WARN_ABOUT_RETURN_TYPE = YES_ERROR;
				GCC_WARN_UNDECLARED_SELECTOR = YES;
				GCC_WARN_UNINITIALIZED_AUTOS = YES_AGGRESSIVE;
				GCC_WARN_UNUSED_FUNCTION = YES;
				GCC_WARN_UNUSED_VARIABLE = YES;
				IPHONEOS_DEPLOYMENT_TARGET = 14.0;
				MTL_ENABLE_DEBUG_INFO = NO;
				MTL_FAST_MATH = YES;
				SDKROOT = iphoneos;
				SWIFT_COMPILATION_MODE = wholemodule;
				SWIFT_OPTIMIZATION_LEVEL = "-O";
				VALIDATE_PRODUCT = YES;
			};
			name = Release;
		};
		46A5CC2824A5C52400660CCD /* Debug */ = {
			isa = XCBuildConfiguration;
			buildSettings = {
				ASSETCATALOG_COMPILER_APPICON_NAME = AppIcon;
				ASSETCATALOG_COMPILER_GLOBAL_ACCENT_COLOR_NAME = AccentColor;
				CODE_SIGN_STYLE = Automatic;
				DEVELOPMENT_TEAM = B4S4333JDW;
				INFOPLIST_FILE = TodoAppCollectionView/Info.plist;
				LD_RUNPATH_SEARCH_PATHS = (
					"$(inherited)",
					"@executable_path/Frameworks",
				);
				PRODUCT_BUNDLE_IDENTIFIER = dev.touyou.TodoAppCollectionView;
				PRODUCT_NAME = "$(TARGET_NAME)";
				SWIFT_VERSION = 5.0;
				TARGETED_DEVICE_FAMILY = "1,2";
			};
			name = Debug;
		};
		46A5CC2924A5C52400660CCD /* Release */ = {
			isa = XCBuildConfiguration;
			buildSettings = {
				ASSETCATALOG_COMPILER_APPICON_NAME = AppIcon;
				ASSETCATALOG_COMPILER_GLOBAL_ACCENT_COLOR_NAME = AccentColor;
				CODE_SIGN_STYLE = Automatic;
				DEVELOPMENT_TEAM = B4S4333JDW;
				INFOPLIST_FILE = TodoAppCollectionView/Info.plist;
				LD_RUNPATH_SEARCH_PATHS = (
					"$(inherited)",
					"@executable_path/Frameworks",
				);
				PRODUCT_BUNDLE_IDENTIFIER = dev.touyou.TodoAppCollectionView;
				PRODUCT_NAME = "$(TARGET_NAME)";
				SWIFT_VERSION = 5.0;
				TARGETED_DEVICE_FAMILY = "1,2";
			};
			name = Release;
		};
/* End XCBuildConfiguration section */

/* Begin XCConfigurationList section */
		46A5CC0B24A5C52200660CCD /* Build configuration list for PBXProject "TodoAppCollectionView" */ = {
			isa = XCConfigurationList;
			buildConfigurations = (
				46A5CC2524A5C52400660CCD /* Debug */,
				46A5CC2624A5C52400660CCD /* Release */,
			);
			defaultConfigurationIsVisible = 0;
			defaultConfigurationName = Release;
		};
		46A5CC2724A5C52400660CCD /* Build configuration list for PBXNativeTarget "TodoAppCollectionView" */ = {
			isa = XCConfigurationList;
			buildConfigurations = (
				46A5CC2824A5C52400660CCD /* Debug */,
				46A5CC2924A5C52400660CCD /* Release */,
			);
			defaultConfigurationIsVisible = 0;
			defaultConfigurationName = Release;
		};
/* End XCConfigurationList section */

/* Begin XCVersionGroup section */
		46A5CC1C24A5C52300660CCD /* TodoAppCollectionView.xcdatamodeld */ = {
			isa = XCVersionGroup;
			children = (
				46A5CC1D24A5C52300660CCD /* TodoAppCollectionView.xcdatamodel */,
			);
			currentVersion = 46A5CC1D24A5C52300660CCD /* TodoAppCollectionView.xcdatamodel */;
			path = TodoAppCollectionView.xcdatamodeld;
			sourceTree = "<group>";
			versionGroupType = wrapper.xcdatamodel;
		};
/* End XCVersionGroup section */
	};
	rootObject = 46A5CC0824A5C52200660CCD /* Project object */;
}
